github.com/allingeek/cloudflare-go v0.8.5 h1:UPOmG/2L8ppDKoRKy7nnuAJWFMRA3BxCQF5t3TVHtzA=
github.com/allingeek/cloudflare-go v0.8.5/go.mod h1:5rzI1J3CcgwflC1VNKjn5Ao4GeG2IfAKKcouvUYKjR0=
github.com/allingeek/cloudflare-go v0.8.6-0.20190316162759-f8735e6c1726 h1:+Ct3QHL/YFUIeatYaO0aYOeSJZVTKkhW1D96CWkCizI=
github.com/allingeek/cloudflare-go v0.8.6-0.20190316162759-f8735e6c1726/go.mod h1:9eJU/cmr7anQWqr5L2HwUvVzXAUkE9kTL4R+/3+87Gs=
github.com/allingeek/cloudflare-go v0.8.6-0.20190316162904-ded789eb8f64 h1:hzezERfD1d9571roY4HsXUg2H4UeuUuTMWgrbSgiCm4=
github.com/allingeek/cloudflare-go v0.8.6-0.20190316162904-ded789eb8f64/go.mod h1:9eJU/cmr7anQWqr5L2HwUvVzXAUkE9kTL4R+/3+87Gs=
github.com/allingeek/cloudflare-go v0.8.6-0.20190316163113-3401f9722fb2 h1:U5M1Z78VtK1xGdTHLjj3+lRRnMS0jeX6a6r+x4panKM=
github.com/allingeek/cloudflare-go v0.8.6-0.20190316163113-3401f9722fb2/go.mod h1:9eJU/cmr7anQWqr5L2HwUvVzXAUkE9kTL4R+/3+87Gs=
github.com/allingeek/cloudflare-go v0.8.6-0.20190316173248-189614cf3ffc h1:6DBxmFQ2mHlxnPKm0pHXE9EpvcZnGVig58P1y6euLY8=
github.com/allingeek/cloudflare-go v0.8.6-0.20190316173248-189614cf3ffc/go.mod h1:9eJU/cmr7anQWqr5L2HwUvVzXAUkE9kTL4R+/3+87Gs=
github.com/cloudflare/cloudflare-go v0.8.5 h1:k1iz+H2jIL8OnS+bGhNQ6GPldi7VCo2tuWmfQ4kMiDI=
github.com/cloudflare/cloudflare-go v0.8.5/go.mod h1:8KhU6K+zHUEWOSU++mEQYf7D9UZOcQcibUoSm6vCUz4=
github.com/codegangsta/cli v1.20.0/go.mod h1:/qJNoX69yVSKu5o4jLyXAENLRyk1uhi7zkbQ3slBdOA=
github.com/davecgh/go-spew v1.1.1/go.mod h1:J7Y8YcW2NihsgmVo/mv3lAwl/skON4iLHjSsI+c5H38=
github.com/flynn/go-shlex v0.0.0-20150515145356-3f9db97f8568 h1:BHsljHzVlRcyQhjrss6TZTdY2VfCqZPbv5k3iBFa2ZQ=
github.com/flynn/go-shlex v0.0.0-20150515145356-3f9db97f8568/go.mod h1:xEzjJPgXI435gkrCt3MPfRiAkVrwSbHsst4LCFVfpJc=
github.com/ionrock/procs v0.0.0-20180102005558-f53ef5630f1a h1:o1qg0zExjAjMOFL5kHWJFOyqY/jVIFnx1rzMFt9MD+g=
github.com/ionrock/procs v0.0.0-20180102005558-f53ef5630f1a/go.mod h1:ZANLPvV4k0ZsE7hitAAQHZ8vmst7X8wnmuTi4QS1gYw=
github.com/mattn/go-runewidth v0.0.3/go.mod h1:LwmH8dsx7+W8Uxz3IHJYH5QSwggIsqBzpuz5H//U1FU=
github.com/olekukonko/tablewriter v0.0.1/go.mod h1:vsDQFd/mU46D+Z4whnwzcISnGGzXWMclvtLoiIKAKIo=
github.com/pkg/errors v0.8.0/go.mod h1:bwawxfHBFNV+L2hUp1rHADufV3IMtnDRdf1r5NINEl0=
github.com/pkg/errors v0.8.1 h1:iURUrRGxPUNPdy5/HRSm+Yj6okJ6UtLINN0Q9M4+h3I=
github.com/pkg/errors v0.8.1/go.mod h1:bwawxfHBFNV+L2hUp1rHADufV3IMtnDRdf1r5NINEl0=
github.com/pmezard/go-difflib v1.0.0/go.mod h1:iKH77koFhYxTK1pcRnkKkqfTogsbg7gZNVY4sRDYZ/4=
github.com/stretchr/testify v1.2.2/go.mod h1:a8OnRcib4nhh0OaRAV+Yts87kKdq0PP7pXfy6kDkUVs=
github.com/urfave/cli v1.20.0 h1:fDqGv3UG/4jbVl/QkFwEdddtEDjh/5Ov6X+0B/3bPaw=
github.com/urfave/cli v1.20.0/go.mod h1:70zkFmudgCuE/ngEzBv17Jvp/497gISqfk5gWijbERA=
golang.org/x/net v0.0.0-20181029044818-c44066c5c816/go.mod h1:mL1N/T3taQHkDXs73rZJwtUhF3w3ftmwwsq0BUmARs4=
golang.org/x/time v0.0.0-20180412165947-fbb02b2291d2/go.mod h1:tRJNPiyCQ0inRvYxbN9jk5I+vvW/OXSQhTDSoE431IQ=
golang.org/x/time v0.0.0-20190308202827-9d24e82272b4 h1:SvFZT6jyqRaOeXpc5h/JSfZenJ2O330aBsf7JfSUXmQ=
golang.org/x/time v0.0.0-20190308202827-9d24e82272b4/go.mod h1:tRJNPiyCQ0inRvYxbN9jk5I+vvW/OXSQhTDSoE431IQ=
